{
  "version": "5",
  "specifiers": {
    "npm:@supabase/supabase-js@2": "2.75.1"
  },
  "npm": {
    "@supabase/auth-js@2.75.1": {
      "integrity": "sha512-zktlxtXstQuVys/egDpVsargD9hQtG20CMdtn+mMn7d2Ulkzy2tgUT5FUtpppvCJtd9CkhPHO/73rvi5W6Am5A==",
      "dependencies": [
        "@supabase/node-fetch"
      ]
    },
    "@supabase/functions-js@2.75.1": {
      "integrity": "sha512-xO+01SUcwVmmo67J7Htxq8FmhkYLFdWkxfR/taxBOI36wACEUNQZmroXGPl4PkpYxBO7TaDsRHYGxUpv9zTKkg==",
      "dependencies": [
        "@supabase/node-fetch"
      ]
    },
    "@supabase/node-fetch@2.6.15": {
      "integrity": "sha512-1ibVeYUacxWYi9i0cf5efil6adJ9WRyZBLivgjs+AUpewx1F3xPi7gLgaASI2SmIQxPoCEjAsLAzKPgMJVgOUQ==",
      "dependencies": [
        "whatwg-url"
      ]
    },
    "@supabase/postgrest-js@2.75.1": {
      "integrity": "sha512-FiYBD0MaKqGW8eo4Xqu7/100Xm3ddgh+3qHtqS18yQRoglJTFRQCJzY1xkrGS0JFHE2YnbjL6XCiOBXiG8DK4Q==",
      "dependencies": [
        "@supabase/node-fetch"
      ]
    },
    "@supabase/realtime-js@2.75.1": {
      "integrity": "sha512-lBIJ855bUsBFScHA/AY+lxIFkubduUvmwbagbP1hq0wDBNAsYdg3ql80w8YmtXCDjkCwlE96SZqcFn7BGKKJKQ==",
      "dependencies": [
        "@supabase/node-fetch",
        "@types/phoenix",
        "@types/ws",
        "ws"
      ]
    },
    "@supabase/storage-js@2.75.1": {
      "integrity": "sha512-WdGEhroflt5O398Yg3dpf1uKZZ6N3CGloY9iGsdT873uWbkQKoP0wG8mtx98dh0fhj6dAlzBqOAvnlV12cJfzA==",
      "dependencies": [
        "@supabase/node-fetch"
      ]
    },
    "@supabase/supabase-js@2.75.1": {
      "integrity": "sha512-GEPVBvjQimcMd9z5K1eTKTixTRb6oVbudoLQ9JKqTUJnR6GQdBU4OifFZean1AnHfsQwtri1fop2OWwsMv019w==",
      "dependencies": [
        "@supabase/auth-js",
        "@supabase/functions-js",
        "@supabase/node-fetch",
        "@supabase/postgrest-js",
        "@supabase/realtime-js",
        "@supabase/storage-js"
      ]
    },
    "@types/node@24.2.0": {
      "integrity": "sha512-3xyG3pMCq3oYCNg7/ZP+E1ooTaGB4cG8JWRsqqOYQdbWNY4zbaV0Ennrd7stjiJEFZCaybcIgpTjJWHRfBSIDw==",
      "dependencies": [
        "undici-types"
      ]
    },
    "@types/phoenix@1.6.6": {
      "integrity": "sha512-PIzZZlEppgrpoT2QgbnDU+MMzuR6BbCjllj0bM70lWoejMeNJAxCchxnv7J3XFkI8MpygtRpzXrIlmWUBclP5A=="
    },
    "@types/ws@8.18.1": {
      "integrity": "sha512-ThVF6DCVhA8kUGy+aazFQ4kXQ7E1Ty7A3ypFOe0IcJV8O/M511G99AW24irKrW56Wt44yG9+ij8FaqoBGkuBXg==",
      "dependencies": [
        "@types/node"
      ]
    },
    "tr46@0.0.3": {
      "integrity": "sha512-N3WMsuqV66lT30CrXNbEjx4GEwlow3v6rr4mCcv6prnfwhS01rkgyFdjPNBYd9br7LpXV1+Emh01fHnq2Gdgrw=="
    },
    "undici-types@7.10.0": {
      "integrity": "sha512-t5Fy/nfn+14LuOc2KNYg75vZqClpAiqscVvMygNnlsHBFpSXdJaYtXMcdNLpl/Qvc3P2cB3s6lOV51nqsFq4ag=="
    },
    "webidl-conversions@3.0.1": {
      "integrity": "sha512-2JAn3z8AR6rjK8Sm8orRC0h/bcl/DqL7tRPdGZ4I1CjdF+EaMLmYxBHyXuKL849eucPFhvBoxMsflfOb8kxaeQ=="
    },
    "whatwg-url@5.0.0": {
      "integrity": "sha512-saE57nupxk6v3HY35+jzBwYa0rKSy0XR8JSxZPwgLr7ys0IBzhGviA1/TUGJLmSVqs8pb9AnvICXEuOHLprYTw==",
      "dependencies": [
        "tr46",
        "webidl-conversions"
      ]
    },
    "ws@8.18.3": {
      "integrity": "sha512-PEIGCY5tSlUt50cqyMXfCzX+oOPqN0vuGqWzbcJ2xvnkzkq46oOpz7dQaTDBdfICb4N14+GARUDw2XV2N4tvzg=="
    }
  }
}
